
Microsoft Visual Studio Solution File, Format Version 12.00
# Visual Studio 14
VisualStudioVersion = 14.0.24720.0
MinimumVisualStudioVersion = 10.0.40219.1
Project("{FAE04EC0-301F-11D3-BF4B-00C04F79EFBC}") = "DevOPsWebAPP", "DevOPsWebAPP\DevOPsWebAPP.csproj", "{A7ADE4AF-C147-4416-AD8E-8637838ED5DA}"
EndProject
Project("{FAE04EC0-301F-11D3-BF4B-00C04F79EFBC}") = "DevOPsWebAPP.Tests", "DevOPsWebAPP.Tests\DevOPsWebAPP.Tests.csproj", "{A1C560CD-89CA-4A6F-A0D1-DE29DF5A415D}"
EndProject
Project("{FAE04EC0-301F-11D3-BF4B-00C04F79EFBC}") = "WebbAPPNunit", "WebbAPPNunit\WebbAPPNunit.csproj", "{5D88307B-29E7-482B-B2D4-7EBE68715014}"
EndProject
Global
	GlobalSection(SolutionConfigurationPlatforms) = preSolution
		Debug|Any CPU = Debug|Any CPU
		Release|Any CPU = Release|Any CPU
	EndGlobalSection
	GlobalSection(ProjectConfigurationPlatforms) = postSolution
		{A7ADE4AF-C147-4416-AD8E-8637838ED5DA}.Debug|Any CPU.ActiveCfg = Debug|Any CPU
		{A7ADE4AF-C147-4416-AD8E-8637838ED5DA}.Debug|Any CPU.Build.0 = Debug|Any CPU
		{A7ADE4AF-C147-4416-AD8E-8637838ED5DA}.Release|Any CPU.ActiveCfg = Release|Any CPU
		{A7ADE4AF-C147-4416-AD8E-8637838ED5DA}.Release|Any CPU.Build.0 = Release|Any CPU
		{A1C560CD-89CA-4A6F-A0D1-DE29DF5A415D}.Debug|Any CPU.ActiveCfg = Debug|Any CPU
		{A1C560CD-89CA-4A6F-A0D1-DE29DF5A415D}.Debug|Any CPU.Build.0 = Debug|Any CPU
		{A1C560CD-89CA-4A6F-A0D1-DE29DF5A415D}.Release|Any CPU.ActiveCfg = Release|Any CPU
		{A1C560CD-89CA-4A6F-A0D1-DE29DF5A415D}.Release|Any CPU.Build.0 = Release|Any CPU
		{5D88307B-29E7-482B-B2D4-7EBE68715014}.Debug|Any CPU.ActiveCfg = Debug|Any CPU
		{5D88307B-29E7-482B-B2D4-7EBE68715014}.Debug|Any CPU.Build.0 = Debug|Any CPU
		{5D88307B-29E7-482B-B2D4-7EBE68715014}.Release|Any CPU.ActiveCfg = Release|Any CPU
		{5D88307B-29E7-482B-B2D4-7EBE68715014}.Release|Any CPU.Build.0 = Release|Any CPU
	EndGlobalSection
	GlobalSection(SolutionProperties) = preSolution
		HideSolutionNode = FALSE
	EndGlobalSection
EndGlobal
